// !$*UTF8*$!
{
	archiveVersion = 1;
	classes = {
	};
	objectVersion = 50;
	objects = {

/* Begin PBXBuildFile section */
		640FD0C3224C95D8004BE6D5 /* AppDelegate.swift in Sources */ = {isa = PBXBuildFile; fileRef = 640FD0C2224C95D8004BE6D5 /* AppDelegate.swift */; };
		640FD0CA224C95D9004BE6D5 /* Assets.xcassets in Resources */ = {isa = PBXBuildFile; fileRef = 640FD0C9224C95D9004BE6D5 /* Assets.xcassets */; };
		640FD0D8224C95D9004BE6D5 /* Save_YourTests.swift in Sources */ = {isa = PBXBuildFile; fileRef = 640FD0D7224C95D9004BE6D5 /* Save_YourTests.swift */; };
		640FD0E3224C95D9004BE6D5 /* Save_YourUITests.swift in Sources */ = {isa = PBXBuildFile; fileRef = 640FD0E2224C95D9004BE6D5 /* Save_YourUITests.swift */; };
		640FD0FD224C969E004BE6D5 /* Notification.swift in Sources */ = {isa = PBXBuildFile; fileRef = 640FD0F5224C969E004BE6D5 /* Notification.swift */; };
		640FD0FE224C969E004BE6D5 /* DatabaseAccess.swift in Sources */ = {isa = PBXBuildFile; fileRef = 640FD0F6224C969E004BE6D5 /* DatabaseAccess.swift */; };
		640FD0FF224C969E004BE6D5 /* ManualEntryTransaction.swift in Sources */ = {isa = PBXBuildFile; fileRef = 640FD0F7224C969E004BE6D5 /* ManualEntryTransaction.swift */; };
		640FD100224C969E004BE6D5 /* Goal.swift in Sources */ = {isa = PBXBuildFile; fileRef = 640FD0F8224C969E004BE6D5 /* Goal.swift */; };
		640FD101224C969E004BE6D5 /* User.swift in Sources */ = {isa = PBXBuildFile; fileRef = 640FD0F9224C969E004BE6D5 /* User.swift */; };
		640FD102224C969E004BE6D5 /* MenuEntryTransaction.swift in Sources */ = {isa = PBXBuildFile; fileRef = 640FD0FA224C969E004BE6D5 /* MenuEntryTransaction.swift */; };
		640FD103224C969E004BE6D5 /* Transaction.swift in Sources */ = {isa = PBXBuildFile; fileRef = 640FD0FB224C969E004BE6D5 /* Transaction.swift */; };
		640FD104224C969E004BE6D5 /* ReturnValue.swift in Sources */ = {isa = PBXBuildFile; fileRef = 640FD0FC224C969E004BE6D5 /* ReturnValue.swift */; };
		640FD109224C96B5004BE6D5 /* MoneyValue.storyboard in Resources */ = {isa = PBXBuildFile; fileRef = 640FD105224C96B5004BE6D5 /* MoneyValue.storyboard */; };
		640FD10A224C96B5004BE6D5 /* SaveMoney.storyboard in Resources */ = {isa = PBXBuildFile; fileRef = 640FD106224C96B5004BE6D5 /* SaveMoney.storyboard */; };
		640FD10B224C96B5004BE6D5 /* Main.storyboard in Resources */ = {isa = PBXBuildFile; fileRef = 640FD107224C96B5004BE6D5 /* Main.storyboard */; };
		640FD10C224C96B5004BE6D5 /* LaunchScreen.storyboard in Resources */ = {isa = PBXBuildFile; fileRef = 640FD108224C96B5004BE6D5 /* LaunchScreen.storyboard */; };
		640FD11B224C96C6004BE6D5 /* MoneyValueViewController.swift in Sources */ = {isa = PBXBuildFile; fileRef = 640FD10D224C96C5004BE6D5 /* MoneyValueViewController.swift */; };
		640FD11C224C96C6004BE6D5 /* GoalFeedController.swift in Sources */ = {isa = PBXBuildFile; fileRef = 640FD10E224C96C5004BE6D5 /* GoalFeedController.swift */; };
		640FD11D224C96C6004BE6D5 /* MenuItemViewController.swift in Sources */ = {isa = PBXBuildFile; fileRef = 640FD10F224C96C5004BE6D5 /* MenuItemViewController.swift */; };
		640FD11E224C96C6004BE6D5 /* ViewController.swift in Sources */ = {isa = PBXBuildFile; fileRef = 640FD110224C96C5004BE6D5 /* ViewController.swift */; };
		640FD11F224C96C6004BE6D5 /* AddGoalViewController.swift in Sources */ = {isa = PBXBuildFile; fileRef = 640FD111224C96C5004BE6D5 /* AddGoalViewController.swift */; };
		640FD120224C96C6004BE6D5 /* EditProfileController.swift in Sources */ = {isa = PBXBuildFile; fileRef = 640FD112224C96C5004BE6D5 /* EditProfileController.swift */; };
		640FD121224C96C6004BE6D5 /* AddGoalFromPageController.swift in Sources */ = {isa = PBXBuildFile; fileRef = 640FD113224C96C5004BE6D5 /* AddGoalFromPageController.swift */; };
		640FD122224C96C6004BE6D5 /* IdealMenuItemViewController.swift in Sources */ = {isa = PBXBuildFile; fileRef = 640FD114224C96C5004BE6D5 /* IdealMenuItemViewController.swift */; };
		640FD123224C96C6004BE6D5 /* ChangeGoalController.swift in Sources */ = {isa = PBXBuildFile; fileRef = 640FD115224C96C5004BE6D5 /* ChangeGoalController.swift */; };
		640FD124224C96C6004BE6D5 /* FirstPageViewController.swift in Sources */ = {isa = PBXBuildFile; fileRef = 640FD116224C96C5004BE6D5 /* FirstPageViewController.swift */; };
		640FD125224C96C6004BE6D5 /* SaveMoneyController.swift in Sources */ = {isa = PBXBuildFile; fileRef = 640FD117224C96C5004BE6D5 /* SaveMoneyController.swift */; };
		640FD126224C96C6004BE6D5 /* CreateAccountViewController.swift in Sources */ = {isa = PBXBuildFile; fileRef = 640FD118224C96C6004BE6D5 /* CreateAccountViewController.swift */; };
		640FD127224C96C6004BE6D5 /* AccountViewController.swift in Sources */ = {isa = PBXBuildFile; fileRef = 640FD119224C96C6004BE6D5 /* AccountViewController.swift */; };
		640FD128224C96C6004BE6D5 /* ManualSaveMoneyViewController.swift in Sources */ = {isa = PBXBuildFile; fileRef = 640FD11A224C96C6004BE6D5 /* ManualSaveMoneyViewController.swift */; };
		640FD12A224C9703004BE6D5 /* GoogleService-Info.plist in Resources */ = {isa = PBXBuildFile; fileRef = 640FD129224C9703004BE6D5 /* GoogleService-Info.plist */; };
		6415B41F22501A2800B24CEE /* AcknowledgmentsController.swift in Sources */ = {isa = PBXBuildFile; fileRef = 6415B41E22501A2800B24CEE /* AcknowledgmentsController.swift */; };
		6415B42122501BFD00B24CEE /* StatPageController.swift in Sources */ = {isa = PBXBuildFile; fileRef = 6415B42022501BFD00B24CEE /* StatPageController.swift */; };
		71784033C05791FC6C4F89E6 /* Pods_Save_Your.framework in Frameworks */ = {isa = PBXBuildFile; fileRef = D2439F0D5660182D865FB956 /* Pods_Save_Your.framework */; };
		862C12DE35BF57EE4DB9080A /* Pods_Save_YourTests.framework in Frameworks */ = {isa = PBXBuildFile; fileRef = 14BDBA9AC30E95B653D31C67 /* Pods_Save_YourTests.framework */; };
		E52556A054C8277C83794755 /* Pods_Save_YourUITests.framework in Frameworks */ = {isa = PBXBuildFile; fileRef = F89DBE106BE8803D1534A739 /* Pods_Save_YourUITests.framework */; };
/* End PBXBuildFile section */

/* Begin PBXContainerItemProxy section */
		640FD0D4224C95D9004BE6D5 /* PBXContainerItemProxy */ = {
			isa = PBXContainerItemProxy;
			containerPortal = 640FD0B7224C95D7004BE6D5 /* Project object */;
			proxyType = 1;
			remoteGlobalIDString = 640FD0BE224C95D8004BE6D5;
			remoteInfo = "Save-Your";
		};
		640FD0DF224C95D9004BE6D5 /* PBXContainerItemProxy */ = {
			isa = PBXContainerItemProxy;
			containerPortal = 640FD0B7224C95D7004BE6D5 /* Project object */;
			proxyType = 1;
			remoteGlobalIDString = 640FD0BE224C95D8004BE6D5;
			remoteInfo = "Save-Your";
		};
/* End PBXContainerItemProxy section */

/* Begin PBXFileReference section */
		05B4A12FC1B4987425671EDD /* Pods-Save-Your.debug.xcconfig */ = {isa = PBXFileReference; includeInIndex = 1; lastKnownFileType = text.xcconfig; name = "Pods-Save-Your.debug.xcconfig"; path = "Pods/Target Support Files/Pods-Save-Your/Pods-Save-Your.debug.xcconfig"; sourceTree = "<group>"; };
		14BDBA9AC30E95B653D31C67 /* Pods_Save_YourTests.framework */ = {isa = PBXFileReference; explicitFileType = wrapper.framework; includeInIndex = 0; path = Pods_Save_YourTests.framework; sourceTree = BUILT_PRODUCTS_DIR; };
		33637FB8F81F5C17C4D9E191 /* Pods-Save-YourUITests.release.xcconfig */ = {isa = PBXFileReference; includeInIndex = 1; lastKnownFileType = text.xcconfig; name = "Pods-Save-YourUITests.release.xcconfig"; path = "Pods/Target Support Files/Pods-Save-YourUITests/Pods-Save-YourUITests.release.xcconfig"; sourceTree = "<group>"; };
		640FD0BF224C95D8004BE6D5 /* Save-Your.app */ = {isa = PBXFileReference; explicitFileType = wrapper.application; includeInIndex = 0; path = "Save-Your.app"; sourceTree = BUILT_PRODUCTS_DIR; };
		640FD0C2224C95D8004BE6D5 /* AppDelegate.swift */ = {isa = PBXFileReference; lastKnownFileType = sourcecode.swift; path = AppDelegate.swift; sourceTree = "<group>"; };
		640FD0C9224C95D9004BE6D5 /* Assets.xcassets */ = {isa = PBXFileReference; lastKnownFileType = folder.assetcatalog; path = Assets.xcassets; sourceTree = "<group>"; };
		640FD0CE224C95D9004BE6D5 /* Info.plist */ = {isa = PBXFileReference; lastKnownFileType = text.plist.xml; path = Info.plist; sourceTree = "<group>"; };
		640FD0D3224C95D9004BE6D5 /* Save-YourTests.xctest */ = {isa = PBXFileReference; explicitFileType = wrapper.cfbundle; includeInIndex = 0; path = "Save-YourTests.xctest"; sourceTree = BUILT_PRODUCTS_DIR; };
		640FD0D7224C95D9004BE6D5 /* Save_YourTests.swift */ = {isa = PBXFileReference; lastKnownFileType = sourcecode.swift; path = Save_YourTests.swift; sourceTree = "<group>"; };
		640FD0D9224C95D9004BE6D5 /* Info.plist */ = {isa = PBXFileReference; lastKnownFileType = text.plist.xml; path = Info.plist; sourceTree = "<group>"; };
		640FD0DE224C95D9004BE6D5 /* Save-YourUITests.xctest */ = {isa = PBXFileReference; explicitFileType = wrapper.cfbundle; includeInIndex = 0; path = "Save-YourUITests.xctest"; sourceTree = BUILT_PRODUCTS_DIR; };
		640FD0E2224C95D9004BE6D5 /* Save_YourUITests.swift */ = {isa = PBXFileReference; lastKnownFileType = sourcecode.swift; path = Save_YourUITests.swift; sourceTree = "<group>"; };
		640FD0E4224C95D9004BE6D5 /* Info.plist */ = {isa = PBXFileReference; lastKnownFileType = text.plist.xml; path = Info.plist; sourceTree = "<group>"; };
		640FD0F5224C969E004BE6D5 /* Notification.swift */ = {isa = PBXFileReference; fileEncoding = 4; lastKnownFileType = sourcecode.swift; path = Notification.swift; sourceTree = "<group>"; };
		640FD0F6224C969E004BE6D5 /* DatabaseAccess.swift */ = {isa = PBXFileReference; fileEncoding = 4; lastKnownFileType = sourcecode.swift; path = DatabaseAccess.swift; sourceTree = "<group>"; };
		640FD0F7224C969E004BE6D5 /* ManualEntryTransaction.swift */ = {isa = PBXFileReference; fileEncoding = 4; lastKnownFileType = sourcecode.swift; path = ManualEntryTransaction.swift; sourceTree = "<group>"; };
		640FD0F8224C969E004BE6D5 /* Goal.swift */ = {isa = PBXFileReference; fileEncoding = 4; lastKnownFileType = sourcecode.swift; path = Goal.swift; sourceTree = "<group>"; };
		640FD0F9224C969E004BE6D5 /* User.swift */ = {isa = PBXFileReference; fileEncoding = 4; lastKnownFileType = sourcecode.swift; path = User.swift; sourceTree = "<group>"; };
		640FD0FA224C969E004BE6D5 /* MenuEntryTransaction.swift */ = {isa = PBXFileReference; fileEncoding = 4; lastKnownFileType = sourcecode.swift; path = MenuEntryTransaction.swift; sourceTree = "<group>"; };
		640FD0FB224C969E004BE6D5 /* Transaction.swift */ = {isa = PBXFileReference; fileEncoding = 4; lastKnownFileType = sourcecode.swift; path = Transaction.swift; sourceTree = "<group>"; };
		640FD0FC224C969E004BE6D5 /* ReturnValue.swift */ = {isa = PBXFileReference; fileEncoding = 4; lastKnownFileType = sourcecode.swift; path = ReturnValue.swift; sourceTree = "<group>"; };
		640FD105224C96B5004BE6D5 /* MoneyValue.storyboard */ = {isa = PBXFileReference; fileEncoding = 4; lastKnownFileType = file.storyboard; path = MoneyValue.storyboard; sourceTree = "<group>"; };
		640FD106224C96B5004BE6D5 /* SaveMoney.storyboard */ = {isa = PBXFileReference; fileEncoding = 4; lastKnownFileType = file.storyboard; path = SaveMoney.storyboard; sourceTree = "<group>"; };
		640FD107224C96B5004BE6D5 /* Main.storyboard */ = {isa = PBXFileReference; fileEncoding = 4; lastKnownFileType = file.storyboard; path = Main.storyboard; sourceTree = "<group>"; };
		640FD108224C96B5004BE6D5 /* LaunchScreen.storyboard */ = {isa = PBXFileReference; fileEncoding = 4; lastKnownFileType = file.storyboard; path = LaunchScreen.storyboard; sourceTree = "<group>"; };
		640FD10D224C96C5004BE6D5 /* MoneyValueViewController.swift */ = {isa = PBXFileReference; fileEncoding = 4; lastKnownFileType = sourcecode.swift; path = MoneyValueViewController.swift; sourceTree = "<group>"; };
		640FD10E224C96C5004BE6D5 /* GoalFeedController.swift */ = {isa = PBXFileReference; fileEncoding = 4; lastKnownFileType = sourcecode.swift; path = GoalFeedController.swift; sourceTree = "<group>"; };
		640FD10F224C96C5004BE6D5 /* MenuItemViewController.swift */ = {isa = PBXFileReference; fileEncoding = 4; lastKnownFileType = sourcecode.swift; path = MenuItemViewController.swift; sourceTree = "<group>"; };
		640FD110224C96C5004BE6D5 /* ViewController.swift */ = {isa = PBXFileReference; fileEncoding = 4; lastKnownFileType = sourcecode.swift; path = ViewController.swift; sourceTree = "<group>"; };
		640FD111224C96C5004BE6D5 /* AddGoalViewController.swift */ = {isa = PBXFileReference; fileEncoding = 4; lastKnownFileType = sourcecode.swift; path = AddGoalViewController.swift; sourceTree = "<group>"; };
		640FD112224C96C5004BE6D5 /* EditProfileController.swift */ = {isa = PBXFileReference; fileEncoding = 4; lastKnownFileType = sourcecode.swift; path = EditProfileController.swift; sourceTree = "<group>"; };
		640FD113224C96C5004BE6D5 /* AddGoalFromPageController.swift */ = {isa = PBXFileReference; fileEncoding = 4; lastKnownFileType = sourcecode.swift; path = AddGoalFromPageController.swift; sourceTree = "<group>"; };
		640FD114224C96C5004BE6D5 /* IdealMenuItemViewController.swift */ = {isa = PBXFileReference; fileEncoding = 4; lastKnownFileType = sourcecode.swift; path = IdealMenuItemViewController.swift; sourceTree = "<group>"; };
		640FD115224C96C5004BE6D5 /* ChangeGoalController.swift */ = {isa = PBXFileReference; fileEncoding = 4; lastKnownFileType = sourcecode.swift; path = ChangeGoalController.swift; sourceTree = "<group>"; };
		640FD116224C96C5004BE6D5 /* FirstPageViewController.swift */ = {isa = PBXFileReference; fileEncoding = 4; lastKnownFileType = sourcecode.swift; path = FirstPageViewController.swift; sourceTree = "<group>"; };
		640FD117224C96C5004BE6D5 /* SaveMoneyController.swift */ = {isa = PBXFileReference; fileEncoding = 4; lastKnownFileType = sourcecode.swift; path = SaveMoneyController.swift; sourceTree = "<group>"; };
		640FD118224C96C6004BE6D5 /* CreateAccountViewController.swift */ = {isa = PBXFileReference; fileEncoding = 4; lastKnownFileType = sourcecode.swift; path = CreateAccountViewController.swift; sourceTree = "<group>"; };
		640FD119224C96C6004BE6D5 /* AccountViewController.swift */ = {isa = PBXFileReference; fileEncoding = 4; lastKnownFileType = sourcecode.swift; path = AccountViewController.swift; sourceTree = "<group>"; };
		640FD11A224C96C6004BE6D5 /* ManualSaveMoneyViewController.swift */ = {isa = PBXFileReference; fileEncoding = 4; lastKnownFileType = sourcecode.swift; path = ManualSaveMoneyViewController.swift; sourceTree = "<group>"; };
		640FD129224C9703004BE6D5 /* GoogleService-Info.plist */ = {isa = PBXFileReference; fileEncoding = 4; lastKnownFileType = text.plist.xml; path = "GoogleService-Info.plist"; sourceTree = "<group>"; };
		6415B41E22501A2800B24CEE /* AcknowledgmentsController.swift */ = {isa = PBXFileReference; lastKnownFileType = sourcecode.swift; path = AcknowledgmentsController.swift; sourceTree = "<group>"; };
		6415B42022501BFD00B24CEE /* StatPageController.swift */ = {isa = PBXFileReference; lastKnownFileType = sourcecode.swift; path = StatPageController.swift; sourceTree = "<group>"; };
		645785E8224D527F00E47FBB /* Save-Your.entitlements */ = {isa = PBXFileReference; lastKnownFileType = text.plist.entitlements; path = "Save-Your.entitlements"; sourceTree = "<group>"; };
		68ECEC251D73BB184ECAFDC5 /* Pods-Save-YourTests.release.xcconfig */ = {isa = PBXFileReference; includeInIndex = 1; lastKnownFileType = text.xcconfig; name = "Pods-Save-YourTests.release.xcconfig"; path = "Pods/Target Support Files/Pods-Save-YourTests/Pods-Save-YourTests.release.xcconfig"; sourceTree = "<group>"; };
		6B50392376D5144F0999A126 /* Pods-Save-Your.release.xcconfig */ = {isa = PBXFileReference; includeInIndex = 1; lastKnownFileType = text.xcconfig; name = "Pods-Save-Your.release.xcconfig"; path = "Pods/Target Support Files/Pods-Save-Your/Pods-Save-Your.release.xcconfig"; sourceTree = "<group>"; };
		D2439F0D5660182D865FB956 /* Pods_Save_Your.framework */ = {isa = PBXFileReference; explicitFileType = wrapper.framework; includeInIndex = 0; path = Pods_Save_Your.framework; sourceTree = BUILT_PRODUCTS_DIR; };
		E8E0C2D00C16A08CE3159F68 /* Pods-Save-YourTests.debug.xcconfig */ = {isa = PBXFileReference; includeInIndex = 1; lastKnownFileType = text.xcconfig; name = "Pods-Save-YourTests.debug.xcconfig"; path = "Pods/Target Support Files/Pods-Save-YourTests/Pods-Save-YourTests.debug.xcconfig"; sourceTree = "<group>"; };
		F89DBE106BE8803D1534A739 /* Pods_Save_YourUITests.framework */ = {isa = PBXFileReference; explicitFileType = wrapper.framework; includeInIndex = 0; path = Pods_Save_YourUITests.framework; sourceTree = BUILT_PRODUCTS_DIR; };
		FA380C72E53B65B9899768CF /* Pods-Save-YourUITests.debug.xcconfig */ = {isa = PBXFileReference; includeInIndex = 1; lastKnownFileType = text.xcconfig; name = "Pods-Save-YourUITests.debug.xcconfig"; path = "Pods/Target Support Files/Pods-Save-YourUITests/Pods-Save-YourUITests.debug.xcconfig"; sourceTree = "<group>"; };
/* End PBXFileReference section */

/* Begin PBXFrameworksBuildPhase section */
		640FD0BC224C95D8004BE6D5 /* Frameworks */ = {
			isa = PBXFrameworksBuildPhase;
			buildActionMask = 2147483647;
			files = (
				71784033C05791FC6C4F89E6 /* Pods_Save_Your.framework in Frameworks */,
			);
			runOnlyForDeploymentPostprocessing = 0;
		};
		640FD0D0224C95D9004BE6D5 /* Frameworks */ = {
			isa = PBXFrameworksBuildPhase;
			buildActionMask = 2147483647;
			files = (
				862C12DE35BF57EE4DB9080A /* Pods_Save_YourTests.framework in Frameworks */,
			);
			runOnlyForDeploymentPostprocessing = 0;
		};
		640FD0DB224C95D9004BE6D5 /* Frameworks */ = {
			isa = PBXFrameworksBuildPhase;
			buildActionMask = 2147483647;
			files = (
				E52556A054C8277C83794755 /* Pods_Save_YourUITests.framework in Frameworks */,
			);
			runOnlyForDeploymentPostprocessing = 0;
		};
/* End PBXFrameworksBuildPhase section */

/* Begin PBXGroup section */
		640FD0B6224C95D7004BE6D5 = {
			isa = PBXGroup;
			children = (
				640FD0C1224C95D8004BE6D5 /* Save-Your */,
				640FD0D6224C95D9004BE6D5 /* Save-YourTests */,
				640FD0E1224C95D9004BE6D5 /* Save-YourUITests */,
				640FD0C0224C95D8004BE6D5 /* Products */,
				A9BDBA4767AEEDC70BD84C49 /* Pods */,
				88A8A04E7F3A8AF00FB07B6C /* Frameworks */,
			);
			sourceTree = "<group>";
		};
		640FD0C0224C95D8004BE6D5 /* Products */ = {
			isa = PBXGroup;
			children = (
				640FD0BF224C95D8004BE6D5 /* Save-Your.app */,
				640FD0D3224C95D9004BE6D5 /* Save-YourTests.xctest */,
				640FD0DE224C95D9004BE6D5 /* Save-YourUITests.xctest */,
			);
			name = Products;
			sourceTree = "<group>";
		};
		640FD0C1224C95D8004BE6D5 /* Save-Your */ = {
			isa = PBXGroup;
			children = (
				645785E8224D527F00E47FBB /* Save-Your.entitlements */,
				640FD129224C9703004BE6D5 /* GoogleService-Info.plist */,
				640FD0F4224C964D004BE6D5 /* Controllers */,
				640FD0F2224C9640004BE6D5 /* Storyboards */,
				640FD0F1224C9634004BE6D5 /* Database */,
				640FD0C2224C95D8004BE6D5 /* AppDelegate.swift */,
				640FD0C9224C95D9004BE6D5 /* Assets.xcassets */,
				640FD0CE224C95D9004BE6D5 /* Info.plist */,
			);
			path = "Save-Your";
			sourceTree = "<group>";
		};
		640FD0D6224C95D9004BE6D5 /* Save-YourTests */ = {
			isa = PBXGroup;
			children = (
				640FD0D7224C95D9004BE6D5 /* Save_YourTests.swift */,
				640FD0D9224C95D9004BE6D5 /* Info.plist */,
			);
			path = "Save-YourTests";
			sourceTree = "<group>";
		};
		640FD0E1224C95D9004BE6D5 /* Save-YourUITests */ = {
			isa = PBXGroup;
			children = (
				640FD0E2224C95D9004BE6D5 /* Save_YourUITests.swift */,
				640FD0E4224C95D9004BE6D5 /* Info.plist */,
			);
			path = "Save-YourUITests";
			sourceTree = "<group>";
		};
		640FD0F1224C9634004BE6D5 /* Database */ = {
			isa = PBXGroup;
			children = (
				640FD0F6224C969E004BE6D5 /* DatabaseAccess.swift */,
				640FD0F8224C969E004BE6D5 /* Goal.swift */,
				640FD0F7224C969E004BE6D5 /* ManualEntryTransaction.swift */,
				640FD0FA224C969E004BE6D5 /* MenuEntryTransaction.swift */,
				640FD0F5224C969E004BE6D5 /* Notification.swift */,
				640FD0FC224C969E004BE6D5 /* ReturnValue.swift */,
				640FD0FB224C969E004BE6D5 /* Transaction.swift */,
				640FD0F9224C969E004BE6D5 /* User.swift */,
			);
			path = Database;
			sourceTree = "<group>";
		};
		640FD0F2224C9640004BE6D5 /* Storyboards */ = {
			isa = PBXGroup;
			children = (
				640FD108224C96B5004BE6D5 /* LaunchScreen.storyboard */,
				640FD107224C96B5004BE6D5 /* Main.storyboard */,
				640FD105224C96B5004BE6D5 /* MoneyValue.storyboard */,
				640FD106224C96B5004BE6D5 /* SaveMoney.storyboard */,
			);
			path = Storyboards;
			sourceTree = "<group>";
		};
		640FD0F4224C964D004BE6D5 /* Controllers */ = {
			isa = PBXGroup;
			children = (
				640FD119224C96C6004BE6D5 /* AccountViewController.swift */,
				6415B41E22501A2800B24CEE /* AcknowledgmentsController.swift */,
				640FD113224C96C5004BE6D5 /* AddGoalFromPageController.swift */,
				6415B42022501BFD00B24CEE /* StatPageController.swift */,
				640FD111224C96C5004BE6D5 /* AddGoalViewController.swift */,
				640FD115224C96C5004BE6D5 /* ChangeGoalController.swift */,
				640FD118224C96C6004BE6D5 /* CreateAccountViewController.swift */,
				640FD112224C96C5004BE6D5 /* EditProfileController.swift */,
				640FD116224C96C5004BE6D5 /* FirstPageViewController.swift */,
				640FD10E224C96C5004BE6D5 /* GoalFeedController.swift */,
				640FD114224C96C5004BE6D5 /* IdealMenuItemViewController.swift */,
				640FD11A224C96C6004BE6D5 /* ManualSaveMoneyViewController.swift */,
				640FD10F224C96C5004BE6D5 /* MenuItemViewController.swift */,
				640FD10D224C96C5004BE6D5 /* MoneyValueViewController.swift */,
				640FD117224C96C5004BE6D5 /* SaveMoneyController.swift */,
				640FD110224C96C5004BE6D5 /* ViewController.swift */,
			);
			path = Controllers;
			sourceTree = "<group>";
		};
		88A8A04E7F3A8AF00FB07B6C /* Frameworks */ = {
			isa = PBXGroup;
			children = (
				D2439F0D5660182D865FB956 /* Pods_Save_Your.framework */,
				14BDBA9AC30E95B653D31C67 /* Pods_Save_YourTests.framework */,
				F89DBE106BE8803D1534A739 /* Pods_Save_YourUITests.framework */,
			);
			name = Frameworks;
			sourceTree = "<group>";
		};
		A9BDBA4767AEEDC70BD84C49 /* Pods */ = {
			isa = PBXGroup;
			children = (
				05B4A12FC1B4987425671EDD /* Pods-Save-Your.debug.xcconfig */,
				6B50392376D5144F0999A126 /* Pods-Save-Your.release.xcconfig */,
				E8E0C2D00C16A08CE3159F68 /* Pods-Save-YourTests.debug.xcconfig */,
				68ECEC251D73BB184ECAFDC5 /* Pods-Save-YourTests.release.xcconfig */,
				FA380C72E53B65B9899768CF /* Pods-Save-YourUITests.debug.xcconfig */,
				33637FB8F81F5C17C4D9E191 /* Pods-Save-YourUITests.release.xcconfig */,
			);
			name = Pods;
			sourceTree = "<group>";
		};
/* End PBXGroup section */

/* Begin PBXNativeTarget section */
		640FD0BE224C95D8004BE6D5 /* Save-Your */ = {
			isa = PBXNativeTarget;
			buildConfigurationList = 640FD0E7224C95D9004BE6D5 /* Build configuration list for PBXNativeTarget "Save-Your" */;
			buildPhases = (
				4E1774CE06AD7D916FAA7209 /* [CP] Check Pods Manifest.lock */,
				640FD0BB224C95D8004BE6D5 /* Sources */,
				640FD0BC224C95D8004BE6D5 /* Frameworks */,
				640FD0BD224C95D8004BE6D5 /* Resources */,
				9B0E611D424DE2A1D7072CEC /* [CP] Embed Pods Frameworks */,
				AF52A2B4887EA12753654403 /* [CP] Copy Pods Resources */,
			);
			buildRules = (
			);
			dependencies = (
			);
			name = "Save-Your";
			productName = "Save-Your";
			productReference = 640FD0BF224C95D8004BE6D5 /* Save-Your.app */;
			productType = "com.apple.product-type.application";
		};
		640FD0D2224C95D9004BE6D5 /* Save-YourTests */ = {
			isa = PBXNativeTarget;
			buildConfigurationList = 640FD0EA224C95D9004BE6D5 /* Build configuration list for PBXNativeTarget "Save-YourTests" */;
			buildPhases = (
				D33B14CCA436B472DDAD5DB5 /* [CP] Check Pods Manifest.lock */,
				640FD0CF224C95D9004BE6D5 /* Sources */,
				640FD0D0224C95D9004BE6D5 /* Frameworks */,
				640FD0D1224C95D9004BE6D5 /* Resources */,
			);
			buildRules = (
			);
			dependencies = (
				640FD0D5224C95D9004BE6D5 /* PBXTargetDependency */,
			);
			name = "Save-YourTests";
			productName = "Save-YourTests";
			productReference = 640FD0D3224C95D9004BE6D5 /* Save-YourTests.xctest */;
			productType = "com.apple.product-type.bundle.unit-test";
		};
		640FD0DD224C95D9004BE6D5 /* Save-YourUITests */ = {
			isa = PBXNativeTarget;
			buildConfigurationList = 640FD0ED224C95D9004BE6D5 /* Build configuration list for PBXNativeTarget "Save-YourUITests" */;
			buildPhases = (
				5D2233A96D3DA8A840A56A25 /* [CP] Check Pods Manifest.lock */,
				640FD0DA224C95D9004BE6D5 /* Sources */,
				640FD0DB224C95D9004BE6D5 /* Frameworks */,
				640FD0DC224C95D9004BE6D5 /* Resources */,
			);
			buildRules = (
			);
			dependencies = (
				640FD0E0224C95D9004BE6D5 /* PBXTargetDependency */,
			);
			name = "Save-YourUITests";
			productName = "Save-YourUITests";
			productReference = 640FD0DE224C95D9004BE6D5 /* Save-YourUITests.xctest */;
			productType = "com.apple.product-type.bundle.ui-testing";
		};
/* End PBXNativeTarget section */

/* Begin PBXProject section */
		640FD0B7224C95D7004BE6D5 /* Project object */ = {
			isa = PBXProject;
			attributes = {
				LastSwiftUpdateCheck = 1010;
				LastUpgradeCheck = 1010;
				TargetAttributes = {
					640FD0BE224C95D8004BE6D5 = {
						CreatedOnToolsVersion = 10.1;
						SystemCapabilities = {
							com.apple.Push = {
								enabled = 1;
							};
						};
					};
					640FD0D2224C95D9004BE6D5 = {
						CreatedOnToolsVersion = 10.1;
						TestTargetID = 640FD0BE224C95D8004BE6D5;
					};
					640FD0DD224C95D9004BE6D5 = {
						CreatedOnToolsVersion = 10.1;
						TestTargetID = 640FD0BE224C95D8004BE6D5;
					};
				};
			};
			buildConfigurationList = 640FD0BA224C95D7004BE6D5 /* Build configuration list for PBXProject "Save-Your" */;
			compatibilityVersion = "Xcode 9.3";
			developmentRegion = en;
			hasScannedForEncodings = 0;
			knownRegions = (
				en,
				Base,
			);
			mainGroup = 640FD0B6224C95D7004BE6D5;
			productRefGroup = 640FD0C0224C95D8004BE6D5 /* Products */;
			projectDirPath = "";
			projectRoot = "";
			targets = (
				640FD0BE224C95D8004BE6D5 /* Save-Your */,
				640FD0D2224C95D9004BE6D5 /* Save-YourTests */,
				640FD0DD224C95D9004BE6D5 /* Save-YourUITests */,
			);
		};
/* End PBXProject section */

/* Begin PBXResourcesBuildPhase section */
		640FD0BD224C95D8004BE6D5 /* Resources */ = {
			isa = PBXResourcesBuildPhase;
			buildActionMask = 2147483647;
			files = (
				640FD0CA224C95D9004BE6D5 /* Assets.xcassets in Resources */,
				640FD109224C96B5004BE6D5 /* MoneyValue.storyboard in Resources */,
				640FD10A224C96B5004BE6D5 /* SaveMoney.storyboard in Resources */,
				640FD10C224C96B5004BE6D5 /* LaunchScreen.storyboard in Resources */,
				640FD10B224C96B5004BE6D5 /* Main.storyboard in Resources */,
				640FD12A224C9703004BE6D5 /* GoogleService-Info.plist in Resources */,
			);
			runOnlyForDeploymentPostprocessing = 0;
		};
		640FD0D1224C95D9004BE6D5 /* Resources */ = {
			isa = PBXResourcesBuildPhase;
			buildActionMask = 2147483647;
			files = (
			);
			runOnlyForDeploymentPostprocessing = 0;
		};
		640FD0DC224C95D9004BE6D5 /* Resources */ = {
			isa = PBXResourcesBuildPhase;
			buildActionMask = 2147483647;
			files = (
			);
			runOnlyForDeploymentPostprocessing = 0;
		};
/* End PBXResourcesBuildPhase section */

/* Begin PBXShellScriptBuildPhase section */
		4E1774CE06AD7D916FAA7209 /* [CP] Check Pods Manifest.lock */ = {
			isa = PBXShellScriptBuildPhase;
			buildActionMask = 2147483647;
			files = (
			);
			inputFileListPaths = (
			);
			inputPaths = (
				"${PODS_PODFILE_DIR_PATH}/Podfile.lock",
				"${PODS_ROOT}/Manifest.lock",
			);
			name = "[CP] Check Pods Manifest.lock";
			outputFileListPaths = (
			);
			outputPaths = (
				"$(DERIVED_FILE_DIR)/Pods-Save-Your-checkManifestLockResult.txt",
			);
			runOnlyForDeploymentPostprocessing = 0;
			shellPath = /bin/sh;
			shellScript = "diff \"${PODS_PODFILE_DIR_PATH}/Podfile.lock\" \"${PODS_ROOT}/Manifest.lock\" > /dev/null\nif [ $? != 0 ] ; then\n    # print error to STDERR\n    echo \"error: The sandbox is not in sync with the Podfile.lock. Run 'pod install' or update your CocoaPods installation.\" >&2\n    exit 1\nfi\n# This output is used by Xcode 'outputs' to avoid re-running this script phase.\necho \"SUCCESS\" > \"${SCRIPT_OUTPUT_FILE_0}\"\n";
			showEnvVarsInLog = 0;
		};
		5D2233A96D3DA8A840A56A25 /* [CP] Check Pods Manifest.lock */ = {
			isa = PBXShellScriptBuildPhase;
			buildActionMask = 2147483647;
			files = (
			);
			inputFileListPaths = (
			);
			inputPaths = (
				"${PODS_PODFILE_DIR_PATH}/Podfile.lock",
				"${PODS_ROOT}/Manifest.lock",
			);
			name = "[CP] Check Pods Manifest.lock";
			outputFileListPaths = (
			);
			outputPaths = (
				"$(DERIVED_FILE_DIR)/Pods-Save-YourUITests-checkManifestLockResult.txt",
			);
			runOnlyForDeploymentPostprocessing = 0;
			shellPath = /bin/sh;
			shellScript = "diff \"${PODS_PODFILE_DIR_PATH}/Podfile.lock\" \"${PODS_ROOT}/Manifest.lock\" > /dev/null\nif [ $? != 0 ] ; then\n    # print error to STDERR\n    echo \"error: The sandbox is not in sync with the Podfile.lock. Run 'pod install' or update your CocoaPods installation.\" >&2\n    exit 1\nfi\n# This output is used by Xcode 'outputs' to avoid re-running this script phase.\necho \"SUCCESS\" > \"${SCRIPT_OUTPUT_FILE_0}\"\n";
			showEnvVarsInLog = 0;
		};
		9B0E611D424DE2A1D7072CEC /* [CP] Embed Pods Frameworks */ = {
			isa = PBXShellScriptBuildPhase;
			buildActionMask = 2147483647;
			files = (
			);
			inputFileListPaths = (
			);
			inputPaths = (
				"${SRCROOT}/Pods/Target Support Files/Pods-Save-Your/Pods-Save-Your-frameworks.sh",
				"${BUILT_PRODUCTS_DIR}/GTMSessionFetcher/GTMSessionFetcher.framework",
				"${BUILT_PRODUCTS_DIR}/GoogleUtilities/GoogleUtilities.framework",
				"${BUILT_PRODUCTS_DIR}/leveldb-library/leveldb.framework",
				"${BUILT_PRODUCTS_DIR}/nanopb/nanopb.framework",
			);
			name = "[CP] Embed Pods Frameworks";
			outputFileListPaths = (
			);
			outputPaths = (
				"${TARGET_BUILD_DIR}/${FRAMEWORKS_FOLDER_PATH}/GTMSessionFetcher.framework",
				"${TARGET_BUILD_DIR}/${FRAMEWORKS_FOLDER_PATH}/GoogleUtilities.framework",
				"${TARGET_BUILD_DIR}/${FRAMEWORKS_FOLDER_PATH}/leveldb.framework",
				"${TARGET_BUILD_DIR}/${FRAMEWORKS_FOLDER_PATH}/nanopb.framework",
			);
			runOnlyForDeploymentPostprocessing = 0;
			shellPath = /bin/sh;
			shellScript = "\"${SRCROOT}/Pods/Target Support Files/Pods-Save-Your/Pods-Save-Your-frameworks.sh\"\n";
			showEnvVarsInLog = 0;
		};
		AF52A2B4887EA12753654403 /* [CP] Copy Pods Resources */ = {
			isa = PBXShellScriptBuildPhase;
			buildActionMask = 2147483647;
			files = (
			);
			inputFileListPaths = (
			);
			inputPaths = (
				"${SRCROOT}/Pods/Target Support Files/Pods-Save-Your/Pods-Save-Your-resources.sh",
				"${PODS_CONFIGURATION_BUILD_DIR}/FirebaseUI/FirebaseAuthUI.bundle",
			);
			name = "[CP] Copy Pods Resources";
			outputFileListPaths = (
			);
			outputPaths = (
				"${TARGET_BUILD_DIR}/${UNLOCALIZED_RESOURCES_FOLDER_PATH}/FirebaseAuthUI.bundle",
			);
			runOnlyForDeploymentPostprocessing = 0;
			shellPath = /bin/sh;
			shellScript = "\"${SRCROOT}/Pods/Target Support Files/Pods-Save-Your/Pods-Save-Your-resources.sh\"\n";
			showEnvVarsInLog = 0;
		};
		D33B14CCA436B472DDAD5DB5 /* [CP] Check Pods Manifest.lock */ = {
			isa = PBXShellScriptBuildPhase;
			buildActionMask = 2147483647;
			files = (
			);
			inputFileListPaths = (
			);
			inputPaths = (
				"${PODS_PODFILE_DIR_PATH}/Podfile.lock",
				"${PODS_ROOT}/Manifest.lock",
			);
			name = "[CP] Check Pods Manifest.lock";
			outputFileListPaths = (
			);
			outputPaths = (
				"$(DERIVED_FILE_DIR)/Pods-Save-YourTests-checkManifestLockResult.txt",
			);
			runOnlyForDeploymentPostprocessing = 0;
			shellPath = /bin/sh;
			shellScript = "diff \"${PODS_PODFILE_DIR_PATH}/Podfile.lock\" \"${PODS_ROOT}/Manifest.lock\" > /dev/null\nif [ $? != 0 ] ; then\n    # print error to STDERR\n    echo \"error: The sandbox is not in sync with the Podfile.lock. Run 'pod install' or update your CocoaPods installation.\" >&2\n    exit 1\nfi\n# This output is used by Xcode 'outputs' to avoid re-running this script phase.\necho \"SUCCESS\" > \"${SCRIPT_OUTPUT_FILE_0}\"\n";
			showEnvVarsInLog = 0;
		};
/* End PBXShellScriptBuildPhase section */

/* Begin PBXSourcesBuildPhase section */
		640FD0BB224C95D8004BE6D5 /* Sources */ = {
			isa = PBXSourcesBuildPhase;
			buildActionMask = 2147483647;
			files = (
				640FD126224C96C6004BE6D5 /* CreateAccountViewController.swift in Sources */,
				640FD0FE224C969E004BE6D5 /* DatabaseAccess.swift in Sources */,
				640FD0FF224C969E004BE6D5 /* ManualEntryTransaction.swift in Sources */,
				640FD103224C969E004BE6D5 /* Transaction.swift in Sources */,
				6415B42122501BFD00B24CEE /* StatPageController.swift in Sources */,
				6415B41F22501A2800B24CEE /* AcknowledgmentsController.swift in Sources */,
				640FD101224C969E004BE6D5 /* User.swift in Sources */,
				640FD122224C96C6004BE6D5 /* IdealMenuItemViewController.swift in Sources */,
				640FD0FD224C969E004BE6D5 /* Notification.swift in Sources */,
				640FD104224C969E004BE6D5 /* ReturnValue.swift in Sources */,
				640FD11D224C96C6004BE6D5 /* MenuItemViewController.swift in Sources */,
				640FD11F224C96C6004BE6D5 /* AddGoalViewController.swift in Sources */,
				640FD127224C96C6004BE6D5 /* AccountViewController.swift in Sources */,
				640FD11C224C96C6004BE6D5 /* GoalFeedController.swift in Sources */,
				640FD11E224C96C6004BE6D5 /* ViewController.swift in Sources */,
				640FD100224C969E004BE6D5 /* Goal.swift in Sources */,
				640FD123224C96C6004BE6D5 /* ChangeGoalController.swift in Sources */,
				640FD128224C96C6004BE6D5 /* ManualSaveMoneyViewController.swift in Sources */,
				640FD121224C96C6004BE6D5 /* AddGoalFromPageController.swift in Sources */,
				640FD120224C96C6004BE6D5 /* EditProfileController.swift in Sources */,
				640FD102224C969E004BE6D5 /* MenuEntryTransaction.swift in Sources */,
				640FD0C3224C95D8004BE6D5 /* AppDelegate.swift in Sources */,
				640FD11B224C96C6004BE6D5 /* MoneyValueViewController.swift in Sources */,
				640FD124224C96C6004BE6D5 /* FirstPageViewController.swift in Sources */,
				640FD125224C96C6004BE6D5 /* SaveMoneyController.swift in Sources */,
			);
			runOnlyForDeploymentPostprocessing = 0;
		};
		640FD0CF224C95D9004BE6D5 /* Sources */ = {
			isa = PBXSourcesBuildPhase;
			buildActionMask = 2147483647;
			files = (
				640FD0D8224C95D9004BE6D5 /* Save_YourTests.swift in Sources */,
			);
			runOnlyForDeploymentPostprocessing = 0;
		};
		640FD0DA224C95D9004BE6D5 /* Sources */ = {
			isa = PBXSourcesBuildPhase;
			buildActionMask = 2147483647;
			files = (
				640FD0E3224C95D9004BE6D5 /* Save_YourUITests.swift in Sources */,
			);
			runOnlyForDeploymentPostprocessing = 0;
		};
/* End PBXSourcesBuildPhase section */

/* Begin PBXTargetDependency section */
		640FD0D5224C95D9004BE6D5 /* PBXTargetDependency */ = {
			isa = PBXTargetDependency;
			target = 640FD0BE224C95D8004BE6D5 /* Save-Your */;
			targetProxy = 640FD0D4224C95D9004BE6D5 /* PBXContainerItemProxy */;
		};
		640FD0E0224C95D9004BE6D5 /* PBXTargetDependency */ = {
			isa = PBXTargetDependency;
			target = 640FD0BE224C95D8004BE6D5 /* Save-Your */;
			targetProxy = 640FD0DF224C95D9004BE6D5 /* PBXContainerItemProxy */;
		};
/* End PBXTargetDependency section */

/* Begin XCBuildConfiguration section */
		640FD0E5224C95D9004BE6D5 /* Debug */ = {
			isa = XCBuildConfiguration;
			buildSettings = {
				ALWAYS_SEARCH_USER_PATHS = NO;
				CLANG_ANALYZER_NONNULL = YES;
				CLANG_ANALYZER_NUMBER_OBJECT_CONVERSION = YES_AGGRESSIVE;
				CLANG_CXX_LANGUAGE_STANDARD = "gnu++14";
				CLANG_CXX_LIBRARY = "libc++";
				CLANG_ENABLE_MODULES = YES;
				CLANG_ENABLE_OBJC_ARC = YES;
				CLANG_ENABLE_OBJC_WEAK = YES;
				CLANG_WARN_BLOCK_CAPTURE_AUTORELEASING = YES;
				CLANG_WARN_BOOL_CONVERSION = YES;
				CLANG_WARN_COMMA = YES;
				CLANG_WARN_CONSTANT_CONVERSION = YES;
				CLANG_WARN_DEPRECATED_OBJC_IMPLEMENTATIONS = YES;
				CLANG_WARN_DIRECT_OBJC_ISA_USAGE = YES_ERROR;
				CLANG_WARN_DOCUMENTATION_COMMENTS = YES;
				CLANG_WARN_EMPTY_BODY = YES;
				CLANG_WARN_ENUM_CONVERSION = YES;
				CLANG_WARN_INFINITE_RECURSION = YES;
				CLANG_WARN_INT_CONVERSION = YES;
				CLANG_WARN_NON_LITERAL_NULL_CONVERSION = YES;
				CLANG_WARN_OBJC_IMPLICIT_RETAIN_SELF = YES;
				CLANG_WARN_OBJC_LITERAL_CONVERSION = YES;
				CLANG_WARN_OBJC_ROOT_CLASS = YES_ERROR;
				CLANG_WARN_RANGE_LOOP_ANALYSIS = YES;
				CLANG_WARN_STRICT_PROTOTYPES = YES;
				CLANG_WARN_SUSPICIOUS_MOVE = YES;
				CLANG_WARN_UNGUARDED_AVAILABILITY = YES_AGGRESSIVE;
				CLANG_WARN_UNREACHABLE_CODE = YES;
				CLANG_WARN__DUPLICATE_METHOD_MATCH = YES;
				CODE_SIGN_IDENTITY = "iPhone Developer";
				COPY_PHASE_STRIP = NO;
				DEBUG_INFORMATION_FORMAT = dwarf;
				ENABLE_STRICT_OBJC_MSGSEND = YES;
				ENABLE_TESTABILITY = YES;
				GCC_C_LANGUAGE_STANDARD = gnu11;
				GCC_DYNAMIC_NO_PIC = NO;
				GCC_NO_COMMON_BLOCKS = YES;
				GCC_OPTIMIZATION_LEVEL = 0;
				GCC_PREPROCESSOR_DEFINITIONS = (
					"DEBUG=1",
					"$(inherited)",
				);
				GCC_WARN_64_TO_32_BIT_CONVERSION = YES;
				GCC_WARN_ABOUT_RETURN_TYPE = YES_ERROR;
				GCC_WARN_UNDECLARED_SELECTOR = YES;
				GCC_WARN_UNINITIALIZED_AUTOS = YES_AGGRESSIVE;
				GCC_WARN_UNUSED_FUNCTION = YES;
				GCC_WARN_UNUSED_VARIABLE = YES;
				IPHONEOS_DEPLOYMENT_TARGET = 12.1;
				MTL_ENABLE_DEBUG_INFO = INCLUDE_SOURCE;
				MTL_FAST_MATH = YES;
				ONLY_ACTIVE_ARCH = YES;
				SDKROOT = iphoneos;
				SWIFT_ACTIVE_COMPILATION_CONDITIONS = DEBUG;
				SWIFT_OPTIMIZATION_LEVEL = "-Onone";
			};
			name = Debug;
		};
		640FD0E6224C95D9004BE6D5 /* Release */ = {
			isa = XCBuildConfiguration;
			buildSettings = {
				ALWAYS_SEARCH_USER_PATHS = NO;
				CLANG_ANALYZER_NONNULL = YES;
				CLANG_ANALYZER_NUMBER_OBJECT_CONVERSION = YES_AGGRESSIVE;
				CLANG_CXX_LANGUAGE_STANDARD = "gnu++14";
				CLANG_CXX_LIBRARY = "libc++";
				CLANG_ENABLE_MODULES = YES;
				CLANG_ENABLE_OBJC_ARC = YES;
				CLANG_ENABLE_OBJC_WEAK = YES;
				CLANG_WARN_BLOCK_CAPTURE_AUTORELEASING = YES;
				CLANG_WARN_BOOL_CONVERSION = YES;
				CLANG_WARN_COMMA = YES;
				CLANG_WARN_CONSTANT_CONVERSION = YES;
				CLANG_WARN_DEPRECATED_OBJC_IMPLEMENTATIONS = YES;
				CLANG_WARN_DIRECT_OBJC_ISA_USAGE = YES_ERROR;
				CLANG_WARN_DOCUMENTATION_COMMENTS = YES;
				CLANG_WARN_EMPTY_BODY = YES;
				CLANG_WARN_ENUM_CONVERSION = YES;
				CLANG_WARN_INFINITE_RECURSION = YES;
				CLANG_WARN_INT_CONVERSION = YES;
				CLANG_WARN_NON_LITERAL_NULL_CONVERSION = YES;
				CLANG_WARN_OBJC_IMPLICIT_RETAIN_SELF = YES;
				CLANG_WARN_OBJC_LITERAL_CONVERSION = YES;
				CLANG_WARN_OBJC_ROOT_CLASS = YES_ERROR;
				CLANG_WARN_RANGE_LOOP_ANALYSIS = YES;
				CLANG_WARN_STRICT_PROTOTYPES = YES;
				CLANG_WARN_SUSPICIOUS_MOVE = YES;
				CLANG_WARN_UNGUARDED_AVAILABILITY = YES_AGGRESSIVE;
				CLANG_WARN_UNREACHABLE_CODE = YES;
				CLANG_WARN__DUPLICATE_METHOD_MATCH = YES;
				CODE_SIGN_IDENTITY = "iPhone Developer";
				COPY_PHASE_STRIP = NO;
				DEBUG_INFORMATION_FORMAT = "dwarf-with-dsym";
				ENABLE_NS_ASSERTIONS = NO;
				ENABLE_STRICT_OBJC_MSGSEND = YES;
				GCC_C_LANGUAGE_STANDARD = gnu11;
				GCC_NO_COMMON_BLOCKS = YES;
				GCC_WARN_64_TO_32_BIT_CONVERSION = YES;
				GCC_WARN_ABOUT_RETURN_TYPE = YES_ERROR;
				GCC_WARN_UNDECLARED_SELECTOR = YES;
				GCC_WARN_UNINITIALIZED_AUTOS = YES_AGGRESSIVE;
				GCC_WARN_UNUSED_FUNCTION = YES;
				GCC_WARN_UNUSED_VARIABLE = YES;
				IPHONEOS_DEPLOYMENT_TARGET = 12.1;
				MTL_ENABLE_DEBUG_INFO = NO;
				MTL_FAST_MATH = YES;
				SDKROOT = iphoneos;
				SWIFT_COMPILATION_MODE = wholemodule;
				SWIFT_OPTIMIZATION_LEVEL = "-O";
				VALIDATE_PRODUCT = YES;
			};
			name = Release;
		};
		640FD0E8224C95D9004BE6D5 /* Debug */ = {
			isa = XCBuildConfiguration;
			baseConfigurationReference = 05B4A12FC1B4987425671EDD /* Pods-Save-Your.debug.xcconfig */;
			buildSettings = {
				ASSETCATALOG_COMPILER_APPICON_NAME = AppIcon;
				CODE_SIGN_ENTITLEMENTS = "Save-Your/Save-Your.entitlements";
				CODE_SIGN_STYLE = Automatic;
				DEVELOPMENT_TEAM = 9F5M4SK9Z3;
				INFOPLIST_FILE = "Save-Your/Info.plist";
				LD_RUNPATH_SEARCH_PATHS = (
					"$(inherited)",
					"@executable_path/Frameworks",
				);
				PRODUCT_BUNDLE_IDENTIFIER = "edu.upenn.SeniorDesign.team6.Save-Your";
				PRODUCT_NAME = "$(TARGET_NAME)";
				SWIFT_VERSION = 4.2;
				TARGETED_DEVICE_FAMILY = "1,2";
			};
			name = Debug;
		};
		640FD0E9224C95D9004BE6D5 /* Release */ = {
			isa = XCBuildConfiguration;
			baseConfigurationReference = 6B50392376D5144F0999A126 /* Pods-Save-Your.release.xcconfig */;
			buildSettings = {
				ASSETCATALOG_COMPILER_APPICON_NAME = AppIcon;
				CODE_SIGN_ENTITLEMENTS = "Save-Your/Save-Your.entitlements";
				CODE_SIGN_STYLE = Automatic;
				DEVELOPMENT_TEAM = 9F5M4SK9Z3;
				INFOPLIST_FILE = "Save-Your/Info.plist";
				LD_RUNPATH_SEARCH_PATHS = (
					"$(inherited)",
					"@executable_path/Frameworks",
				);
				PRODUCT_BUNDLE_IDENTIFIER = "edu.upenn.SeniorDesign.team6.Save-Your";
				PRODUCT_NAME = "$(TARGET_NAME)";
				SWIFT_VERSION = 4.2;
				TARGETED_DEVICE_FAMILY = "1,2";
			};
			name = Release;
		};
		640FD0EB224C95D9004BE6D5 /* Debug */ = {
			isa = XCBuildConfiguration;
			baseConfigurationReference = E8E0C2D00C16A08CE3159F68 /* Pods-Save-YourTests.debug.xcconfig */;
			buildSettings = {
				ALWAYS_EMBED_SWIFT_STANDARD_LIBRARIES = YES;
				BUNDLE_LOADER = "$(TEST_HOST)";
				CODE_SIGN_STYLE = Automatic;
				DEVELOPMENT_TEAM = 9F5M4SK9Z3;
				INFOPLIST_FILE = "Save-YourTests/Info.plist";
				LD_RUNPATH_SEARCH_PATHS = (
					"$(inherited)",
					"@executable_path/Frameworks",
					"@loader_path/Frameworks",
				);
				PRODUCT_BUNDLE_IDENTIFIER = "edu.upenn.SeniorDesign.team6.Save-YourTests";
				PRODUCT_NAME = "$(TARGET_NAME)";
				SWIFT_VERSION = 4.2;
				TARGETED_DEVICE_FAMILY = "1,2";
				TEST_HOST = "$(BUILT_PRODUCTS_DIR)/Save-Your.app/Save-Your";
			};
			name = Debug;
		};
		640FD0EC224C95D9004BE6D5 /* Release */ = {
			isa = XCBuildConfiguration;
			baseConfigurationReference = 68ECEC251D73BB184ECAFDC5 /* Pods-Save-YourTests.release.xcconfig */;
			buildSettings = {
				ALWAYS_EMBED_SWIFT_STANDARD_LIBRARIES = YES;
				BUNDLE_LOADER = "$(TEST_HOST)";
				CODE_SIGN_STYLE = Automatic;
				DEVELOPMENT_TEAM = 9F5M4SK9Z3;
				INFOPLIST_FILE = "Save-YourTests/Info.plist";
				LD_RUNPATH_SEARCH_PATHS = (
					"$(inherited)",
					"@executable_path/Frameworks",
					"@loader_path/Frameworks",
				);
				PRODUCT_BUNDLE_IDENTIFIER = "edu.upenn.SeniorDesign.team6.Save-YourTests";
				PRODUCT_NAME = "$(TARGET_NAME)";
				SWIFT_VERSION = 4.2;
				TARGETED_DEVICE_FAMILY = "1,2";
				TEST_HOST = "$(BUILT_PRODUCTS_DIR)/Save-Your.app/Save-Your";
			};
			name = Release;
		};
		640FD0EE224C95D9004BE6D5 /* Debug */ = {
			isa = XCBuildConfiguration;
			baseConfigurationReference = FA380C72E53B65B9899768CF /* Pods-Save-YourUITests.debug.xcconfig */;
			buildSettings = {
				ALWAYS_EMBED_SWIFT_STANDARD_LIBRARIES = YES;
				CODE_SIGN_STYLE = Automatic;
				DEVELOPMENT_TEAM = 9F5M4SK9Z3;
				INFOPLIST_FILE = "Save-YourUITests/Info.plist";
				LD_RUNPATH_SEARCH_PATHS = (
					"$(inherited)",
					"@executable_path/Frameworks",
					"@loader_path/Frameworks",
				);
				PRODUCT_BUNDLE_IDENTIFIER = "edu.upenn.SeniorDesign.team6.Save-YourUITests";
				PRODUCT_NAME = "$(TARGET_NAME)";
				SWIFT_VERSION = 4.2;
				TARGETED_DEVICE_FAMILY = "1,2";
				TEST_TARGET_NAME = "Save-Your";
			};
			name = Debug;
		};
		640FD0EF224C95D9004BE6D5 /* Release */ = {
			isa = XCBuildConfiguration;
			baseConfigurationReference = 33637FB8F81F5C17C4D9E191 /* Pods-Save-YourUITests.release.xcconfig */;
			buildSettings = {
				ALWAYS_EMBED_SWIFT_STANDARD_LIBRARIES = YES;
				CODE_SIGN_STYLE = Automatic;
				DEVELOPMENT_TEAM = 9F5M4SK9Z3;
				INFOPLIST_FILE = "Save-YourUITests/Info.plist";
				LD_RUNPATH_SEARCH_PATHS = (
					"$(inherited)",
					"@executable_path/Frameworks",
					"@loader_path/Frameworks",
				);
				PRODUCT_BUNDLE_IDENTIFIER = "edu.upenn.SeniorDesign.team6.Save-YourUITests";
				PRODUCT_NAME = "$(TARGET_NAME)";
				SWIFT_VERSION = 4.2;
				TARGETED_DEVICE_FAMILY = "1,2";
				TEST_TARGET_NAME = "Save-Your";
			};
			name = Release;
		};
/* End XCBuildConfiguration section */

/* Begin XCConfigurationList section */
		640FD0BA224C95D7004BE6D5 /* Build configuration list for PBXProject "Save-Your" */ = {
			isa = XCConfigurationList;
			buildConfigurations = (
				640FD0E5224C95D9004BE6D5 /* Debug */,
				640FD0E6224C95D9004BE6D5 /* Release */,
			);
			defaultConfigurationIsVisible = 0;
			defaultConfigurationName = Release;
		};
		640FD0E7224C95D9004BE6D5 /* Build configuration list for PBXNativeTarget "Save-Your" */ = {
			isa = XCConfigurationList;
			buildConfigurations = (
				640FD0E8224C95D9004BE6D5 /* Debug */,
				640FD0E9224C95D9004BE6D5 /* Release */,
			);
			defaultConfigurationIsVisible = 0;
			defaultConfigurationName = Release;
		};
		640FD0EA224C95D9004BE6D5 /* Build configuration list for PBXNativeTarget "Save-YourTests" */ = {
			isa = XCConfigurationList;
			buildConfigurations = (
				640FD0EB224C95D9004BE6D5 /* Debug */,
				640FD0EC224C95D9004BE6D5 /* Release */,
			);
			defaultConfigurationIsVisible = 0;
			defaultConfigurationName = Release;
		};
		640FD0ED224C95D9004BE6D5 /* Build configuration list for PBXNativeTarget "Save-YourUITests" */ = {
			isa = XCConfigurationList;
			buildConfigurations = (
				640FD0EE224C95D9004BE6D5 /* Debug */,
				640FD0EF224C95D9004BE6D5 /* Release */,
			);
			defaultConfigurationIsVisible = 0;
			defaultConfigurationName = Release;
		};
/* End XCConfigurationList section */
	};
	rootObject = 640FD0B7224C95D7004BE6D5 /* Project object */;
}
